
Microsoft Visual Studio Solution File, Format Version 12.00
# Visual Studio Version 17
VisualStudioVersion = 17.0.32014.148
MinimumVisualStudioVersion = 10.0.40219.1
Project("{FAE04EC0-301F-11D3-BF4B-00C04F79EFBC}") = "CellularAutomata", "CellularAutomata\CellularAutomata.csproj", "{D547408A-FA56-4B11-89B9-592E520EF9C2}"
EndProject
Global
	GlobalSection(SolutionConfigurationPlatforms) = preSolution
		Debug|Any CPU = Debug|Any CPU
		Release|Any CPU = Release|Any CPU
	EndGlobalSection
	GlobalSection(ProjectConfigurationPlatforms) = postSolution
		{D547408A-FA56-4B11-89B9-592E520EF9C2}.Debug|Any CPU.ActiveCfg = Debug|Any CPU
		{D547408A-FA56-4B11-89B9-592E520EF9C2}.Debug|Any CPU.Build.0 = Debug|Any CPU
		{D547408A-FA56-4B11-89B9-592E520EF9C2}.Release|Any CPU.ActiveCfg = Release|Any CPU
		{D547408A-FA56-4B11-89B9-592E520EF9C2}.Release|Any CPU.Build.0 = Release|Any CPU
	EndGlobalSection
	GlobalSection(SolutionProperties) = preSolution
		HideSolutionNode = FALSE
	EndGlobalSection
	GlobalSection(ExtensibilityGlobals) = postSolution
		SolutionGuid = {BB99E4D7-30F9-4586-9C96-0FD3781D153D}
	EndGlobalSection
EndGlobal
